// !$*UTF8*$!
{
	archiveVersion = 1;
	classes = {
	};
	objectVersion = 46;
	objects = {

/* Begin PBXBuildFile section */
		A58F75251CDADD84001EA898 /* AppDelegate.swift in Sources */ = {isa = PBXBuildFile; fileRef = A58F75241CDADD84001EA898 /* AppDelegate.swift */; };
		A58F75271CDADD84001EA898 /* MainVC.swift in Sources */ = {isa = PBXBuildFile; fileRef = A58F75261CDADD84001EA898 /* MainVC.swift */; };
		A58F752A1CDADD84001EA898 /* Main.storyboard in Resources */ = {isa = PBXBuildFile; fileRef = A58F75281CDADD84001EA898 /* Main.storyboard */; };
		A58F752D1CDADD84001EA898 /* _86_FavMovies.xcdatamodeld in Sources */ = {isa = PBXBuildFile; fileRef = A58F752B1CDADD84001EA898 /* _86_FavMovies.xcdatamodeld */; };
		A58F752F1CDADD84001EA898 /* Assets.xcassets in Resources */ = {isa = PBXBuildFile; fileRef = A58F752E1CDADD84001EA898 /* Assets.xcassets */; };
		A58F75321CDADD84001EA898 /* LaunchScreen.storyboard in Resources */ = {isa = PBXBuildFile; fileRef = A58F75301CDADD84001EA898 /* LaunchScreen.storyboard */; };
		A58F753D1CDADFAF001EA898 /* DetailsVC.swift in Sources */ = {isa = PBXBuildFile; fileRef = A58F753C1CDADFAF001EA898 /* DetailsVC.swift */; };
		A58F753F1CDADFCA001EA898 /* MovieCell.swift in Sources */ = {isa = PBXBuildFile; fileRef = A58F753E1CDADFCA001EA898 /* MovieCell.swift */; };
		A58F75421CDADFD8001EA898 /* Movie+CoreDataProperties.swift in Sources */ = {isa = PBXBuildFile; fileRef = A58F75401CDADFD8001EA898 /* Movie+CoreDataProperties.swift */; };
		A58F75431CDADFD8001EA898 /* Movie.swift in Sources */ = {isa = PBXBuildFile; fileRef = A58F75411CDADFD8001EA898 /* Movie.swift */; };
		A58F75451CDAEC39001EA898 /* AddVC.swift in Sources */ = {isa = PBXBuildFile; fileRef = A58F75441CDAEC39001EA898 /* AddVC.swift */; };
		A58F75471CDB1F01001EA898 /* DataService.swift in Sources */ = {isa = PBXBuildFile; fileRef = A58F75461CDB1F01001EA898 /* DataService.swift */; };
		A58F754A1CDBC33B001EA898 /* IMDBSearchVC.swift in Sources */ = {isa = PBXBuildFile; fileRef = A58F75491CDBC33B001EA898 /* IMDBSearchVC.swift */; };
/* End PBXBuildFile section */

/* Begin PBXFileReference section */
		A58F75211CDADD84001EA898 /* 086-FavMovies.app */ = {isa = PBXFileReference; explicitFileType = wrapper.application; includeInIndex = 0; path = "086-FavMovies.app"; sourceTree = BUILT_PRODUCTS_DIR; };
		A58F75241CDADD84001EA898 /* AppDelegate.swift */ = {isa = PBXFileReference; lastKnownFileType = sourcecode.swift; path = AppDelegate.swift; sourceTree = "<group>"; };
		A58F75261CDADD84001EA898 /* MainVC.swift */ = {isa = PBXFileReference; lastKnownFileType = sourcecode.swift; path = MainVC.swift; sourceTree = "<group>"; };
		A58F75291CDADD84001EA898 /* Base */ = {isa = PBXFileReference; lastKnownFileType = file.storyboard; name = Base; path = Base.lproj/Main.storyboard; sourceTree = "<group>"; };
		A58F752C1CDADD84001EA898 /* _86_FavMovies.xcdatamodel */ = {isa = PBXFileReference; lastKnownFileType = wrapper.xcdatamodel; path = _86_FavMovies.xcdatamodel; sourceTree = "<group>"; };
		A58F752E1CDADD84001EA898 /* Assets.xcassets */ = {isa = PBXFileReference; lastKnownFileType = folder.assetcatalog; path = Assets.xcassets; sourceTree = "<group>"; };
		A58F75311CDADD84001EA898 /* Base */ = {isa = PBXFileReference; lastKnownFileType = file.storyboard; name = Base; path = Base.lproj/LaunchScreen.storyboard; sourceTree = "<group>"; };
		A58F75331CDADD84001EA898 /* Info.plist */ = {isa = PBXFileReference; lastKnownFileType = text.plist.xml; path = Info.plist; sourceTree = "<group>"; };
		A58F753C1CDADFAF001EA898 /* DetailsVC.swift */ = {isa = PBXFileReference; fileEncoding = 4; lastKnownFileType = sourcecode.swift; path = DetailsVC.swift; sourceTree = "<group>"; };
		A58F753E1CDADFCA001EA898 /* MovieCell.swift */ = {isa = PBXFileReference; fileEncoding = 4; lastKnownFileType = sourcecode.swift; path = MovieCell.swift; sourceTree = "<group>"; };
		A58F75401CDADFD8001EA898 /* Movie+CoreDataProperties.swift */ = {isa = PBXFileReference; fileEncoding = 4; lastKnownFileType = sourcecode.swift; path = "Movie+CoreDataProperties.swift"; sourceTree = "<group>"; };
		A58F75411CDADFD8001EA898 /* Movie.swift */ = {isa = PBXFileReference; fileEncoding = 4; lastKnownFileType = sourcecode.swift; path = Movie.swift; sourceTree = "<group>"; };
		A58F75441CDAEC39001EA898 /* AddVC.swift */ = {isa = PBXFileReference; fileEncoding = 4; lastKnownFileType = sourcecode.swift; path = AddVC.swift; sourceTree = "<group>"; };
		A58F75461CDB1F01001EA898 /* DataService.swift */ = {isa = PBXFileReference; fileEncoding = 4; lastKnownFileType = sourcecode.swift; path = DataService.swift; sourceTree = "<group>"; };
		A58F75491CDBC33B001EA898 /* IMDBSearchVC.swift */ = {isa = PBXFileReference; fileEncoding = 4; lastKnownFileType = sourcecode.swift; path = IMDBSearchVC.swift; sourceTree = "<group>"; };
/* End PBXFileReference section */

/* Begin PBXFrameworksBuildPhase section */
		A58F751E1CDADD84001EA898 /* Frameworks */ = {
			isa = PBXFrameworksBuildPhase;
			buildActionMask = 2147483647;
			files = (
			);
			runOnlyForDeploymentPostprocessing = 0;
		};
/* End PBXFrameworksBuildPhase section */

/* Begin PBXGroup section */
		A58F75181CDADD84001EA898 = {
			isa = PBXGroup;
			children = (
				A58F75231CDADD84001EA898 /* 086-FavMovies */,
				A58F75221CDADD84001EA898 /* Products */,
			);
			sourceTree = "<group>";
		};
		A58F75221CDADD84001EA898 /* Products */ = {
			isa = PBXGroup;
			children = (
				A58F75211CDADD84001EA898 /* 086-FavMovies.app */,
			);
			name = Products;
			sourceTree = "<group>";
		};
		A58F75231CDADD84001EA898 /* 086-FavMovies */ = {
			isa = PBXGroup;
			children = (
				A58F75481CDB1F0F001EA898 /* Services */,
				A58F75241CDADD84001EA898 /* AppDelegate.swift */,
				A58F753B1CDADD95001EA898 /* Controller */,
				A58F753A1CDADD90001EA898 /* View */,
				A58F75391CDADD8A001EA898 /* Model */,
				A58F752E1CDADD84001EA898 /* Assets.xcassets */,
				A58F75331CDADD84001EA898 /* Info.plist */,
				A58F752B1CDADD84001EA898 /* _86_FavMovies.xcdatamodeld */,
			);
			path = "086-FavMovies";
			sourceTree = "<group>";
		};
		A58F75391CDADD8A001EA898 /* Model */ = {
			isa = PBXGroup;
			children = (
				A58F75401CDADFD8001EA898 /* Movie+CoreDataProperties.swift */,
				A58F75411CDADFD8001EA898 /* Movie.swift */,
			);
			name = Model;
			sourceTree = "<group>";
		};
		A58F753A1CDADD90001EA898 /* View */ = {
			isa = PBXGroup;
			children = (
				A58F75281CDADD84001EA898 /* Main.storyboard */,
				A58F75301CDADD84001EA898 /* LaunchScreen.storyboard */,
				A58F753E1CDADFCA001EA898 /* MovieCell.swift */,
			);
			name = View;
			sourceTree = "<group>";
		};
		A58F753B1CDADD95001EA898 /* Controller */ = {
			isa = PBXGroup;
			children = (
				A58F75261CDADD84001EA898 /* MainVC.swift */,
				A58F75441CDAEC39001EA898 /* AddVC.swift */,
				A58F753C1CDADFAF001EA898 /* DetailsVC.swift */,
				A58F75491CDBC33B001EA898 /* IMDBSearchVC.swift */,
			);
			name = Controller;
			sourceTree = "<group>";
		};
		A58F75481CDB1F0F001EA898 /* Services */ = {
			isa = PBXGroup;
			children = (
				A58F75461CDB1F01001EA898 /* DataService.swift */,
			);
			name = Services;
			sourceTree = "<group>";
		};
/* End PBXGroup section */

/* Begin PBXNativeTarget section */
		A58F75201CDADD84001EA898 /* 086-FavMovies */ = {
			isa = PBXNativeTarget;
			buildConfigurationList = A58F75361CDADD84001EA898 /* Build configuration list for PBXNativeTarget "086-FavMovies" */;
			buildPhases = (
				A58F751D1CDADD84001EA898 /* Sources */,
				A58F751E1CDADD84001EA898 /* Frameworks */,
				A58F751F1CDADD84001EA898 /* Resources */,
			);
			buildRules = (
			);
			dependencies = (
			);
			name = "086-FavMovies";
			productName = "086-FavMovies";
			productReference = A58F75211CDADD84001EA898 /* 086-FavMovies.app */;
			productType = "com.apple.product-type.application";
		};
/* End PBXNativeTarget section */

/* Begin PBXProject section */
		A58F75191CDADD84001EA898 /* Project object */ = {
			isa = PBXProject;
			attributes = {
				LastSwiftUpdateCheck = 0720;
				LastUpgradeCheck = 0720;
				ORGANIZATIONNAME = Skyla157;
				TargetAttributes = {
					A58F75201CDADD84001EA898 = {
						CreatedOnToolsVersion = 7.2.1;
					};
				};
			};
			buildConfigurationList = A58F751C1CDADD84001EA898 /* Build configuration list for PBXProject "086-FavMovies" */;
			compatibilityVersion = "Xcode 3.2";
			developmentRegion = English;
			hasScannedForEncodings = 0;
			knownRegions = (
				en,
				Base,
			);
			mainGroup = A58F75181CDADD84001EA898;
			productRefGroup = A58F75221CDADD84001EA898 /* Products */;
			projectDirPath = "";
			projectRoot = "";
			targets = (
				A58F75201CDADD84001EA898 /* 086-FavMovies */,
			);
		};
/* End PBXProject section */

/* Begin PBXResourcesBuildPhase section */
		A58F751F1CDADD84001EA898 /* Resources */ = {
			isa = PBXResourcesBuildPhase;
			buildActionMask = 2147483647;
			files = (
				A58F75321CDADD84001EA898 /* LaunchScreen.storyboard in Resources */,
				A58F752F1CDADD84001EA898 /* Assets.xcassets in Resources */,
				A58F752A1CDADD84001EA898 /* Main.storyboard in Resources */,
			);
			runOnlyForDeploymentPostprocessing = 0;
		};
/* End PBXResourcesBuildPhase section */

/* Begin PBXSourcesBuildPhase section */
		A58F751D1CDADD84001EA898 /* Sources */ = {
			isa = PBXSourcesBuildPhase;
			buildActionMask = 2147483647;
			files = (
				A58F75471CDB1F01001EA898 /* DataService.swift in Sources */,
				A58F75451CDAEC39001EA898 /* AddVC.swift in Sources */,
				A58F75431CDADFD8001EA898 /* Movie.swift in Sources */,
				A58F75271CDADD84001EA898 /* MainVC.swift in Sources */,
				A58F753D1CDADFAF001EA898 /* DetailsVC.swift in Sources */,
				A58F752D1CDADD84001EA898 /* _86_FavMovies.xcdatamodeld in Sources */,
				A58F753F1CDADFCA001EA898 /* MovieCell.swift in Sources */,
				A58F75421CDADFD8001EA898 /* Movie+CoreDataProperties.swift in Sources */,
				A58F754A1CDBC33B001EA898 /* IMDBSearchVC.swift in Sources */,
				A58F75251CDADD84001EA898 /* AppDelegate.swift in Sources */,
			);
			runOnlyForDeploymentPostprocessing = 0;
		};
/* End PBXSourcesBuildPhase section */

/* Begin PBXVariantGroup section */
		A58F75281CDADD84001EA898 /* Main.storyboard */ = {
			isa = PBXVariantGroup;
			children = (
				A58F75291CDADD84001EA898 /* Base */,
			);
			name = Main.storyboard;
			sourceTree = "<group>";
		};
		A58F75301CDADD84001EA898 /* LaunchScreen.storyboard */ = {
			isa = PBXVariantGroup;
			children = (
				A58F75311CDADD84001EA898 /* Base */,
			);
			name = LaunchScreen.storyboard;
			sourceTree = "<group>";
		};
/* End PBXVariantGroup section */

/* Begin XCBuildConfiguration section */
		A58F75341CDADD84001EA898 /* Debug */ = {
			isa = XCBuildConfiguration;
			buildSettings = {
				ALWAYS_SEARCH_USER_PATHS = NO;
				CLANG_CXX_LANGUAGE_STANDARD = "gnu++0x";
				CLANG_CXX_LIBRARY = "libc++";
				CLANG_ENABLE_MODULES = YES;
				CLANG_ENABLE_OBJC_ARC = YES;
				CLANG_WARN_BOOL_CONVERSION = YES;
				CLANG_WARN_CONSTANT_CONVERSION = YES;
				CLANG_WARN_DIRECT_OBJC_ISA_USAGE = YES_ERROR;
				CLANG_WARN_EMPTY_BODY = YES;
				CLANG_WARN_ENUM_CONVERSION = YES;
				CLANG_WARN_INT_CONVERSION = YES;
				CLANG_WARN_OBJC_ROOT_CLASS = YES_ERROR;
				CLANG_WARN_UNREACHABLE_CODE = YES;
				CLANG_WARN__DUPLICATE_METHOD_MATCH = YES;
				"CODE_SIGN_IDENTITY[sdk=iphoneos*]" = "iPhone Developer";
				COPY_PHASE_STRIP = NO;
				DEBUG_INFORMATION_FORMAT = dwarf;
				ENABLE_STRICT_OBJC_MSGSEND = YES;
				ENABLE_TESTABILITY = YES;
				GCC_C_LANGUAGE_STANDARD = gnu99;
				GCC_DYNAMIC_NO_PIC = NO;
				GCC_NO_COMMON_BLOCKS = YES;
				GCC_OPTIMIZATION_LEVEL = 0;
				GCC_PREPROCESSOR_DEFINITIONS = (
					"DEBUG=1",
					"$(inherited)",
				);
				GCC_WARN_64_TO_32_BIT_CONVERSION = YES;
				GCC_WARN_ABOUT_RETURN_TYPE = YES_ERROR;
				GCC_WARN_UNDECLARED_SELECTOR = YES;
				GCC_WARN_UNINITIALIZED_AUTOS = YES_AGGRESSIVE;
				GCC_WARN_UNUSED_FUNCTION = YES;
				GCC_WARN_UNUSED_VARIABLE = YES;
				IPHONEOS_DEPLOYMENT_TARGET = 9.2;
				MTL_ENABLE_DEBUG_INFO = YES;
				ONLY_ACTIVE_ARCH = YES;
				SDKROOT = iphoneos;
				SWIFT_OPTIMIZATION_LEVEL = "-Onone";
				TARGETED_DEVICE_FAMILY = "1,2";
			};
			name = Debug;
		};
		A58F75351CDADD84001EA898 /* Release */ = {
			isa = XCBuildConfiguration;
			buildSettings = {
				ALWAYS_SEARCH_USER_PATHS = NO;
				CLANG_CXX_LANGUAGE_STANDARD = "gnu++0x";
				CLANG_CXX_LIBRARY = "libc++";
				CLANG_ENABLE_MODULES = YES;
				CLANG_ENABLE_OBJC_ARC = YES;
				CLANG_WARN_BOOL_CONVERSION = YES;
				CLANG_WARN_CONSTANT_CONVERSION = YES;
				CLANG_WARN_DIRECT_OBJC_ISA_USAGE = YES_ERROR;
				CLANG_WARN_EMPTY_BODY = YES;
				CLANG_WARN_ENUM_CONVERSION = YES;
				CLANG_WARN_INT_CONVERSION = YES;
				CLANG_WARN_OBJC_ROOT_CLASS = YES_ERROR;
				CLANG_WARN_UNREACHABLE_CODE = YES;
				CLANG_WARN__DUPLICATE_METHOD_MATCH = YES;
				"CODE_SIGN_IDENTITY[sdk=iphoneos*]" = "iPhone Developer";
				COPY_PHASE_STRIP = NO;
				DEBUG_INFORMATION_FORMAT = "dwarf-with-dsym";
				ENABLE_NS_ASSERTIONS = NO;
				ENABLE_STRICT_OBJC_MSGSEND = YES;
				GCC_C_LANGUAGE_STANDARD = gnu99;
				GCC_NO_COMMON_BLOCKS = YES;
				GCC_WARN_64_TO_32_BIT_CONVERSION = YES;
				GCC_WARN_ABOUT_RETURN_TYPE = YES_ERROR;
				GCC_WARN_UNDECLARED_SELECTOR = YES;
				GCC_WARN_UNINITIALIZED_AUTOS = YES_AGGRESSIVE;
				GCC_WARN_UNUSED_FUNCTION = YES;
				GCC_WARN_UNUSED_VARIABLE = YES;
				IPHONEOS_DEPLOYMENT_TARGET = 9.2;
				MTL_ENABLE_DEBUG_INFO = NO;
				SDKROOT = iphoneos;
				TARGETED_DEVICE_FAMILY = "1,2";
				VALIDATE_PRODUCT = YES;
			};
			name = Release;
		};
		A58F75371CDADD84001EA898 /* Debug */ = {
			isa = XCBuildConfiguration;
			buildSettings = {
				ASSETCATALOG_COMPILER_APPICON_NAME = AppIcon;
				INFOPLIST_FILE = "086-FavMovies/Info.plist";
				LD_RUNPATH_SEARCH_PATHS = "$(inherited) @executable_path/Frameworks";
				PRODUCT_BUNDLE_IDENTIFIER = "com.skyla157.-86-FavMovies";
				PRODUCT_NAME = "$(TARGET_NAME)";
			};
			name = Debug;
		};
		A58F75381CDADD84001EA898 /* Release */ = {
			isa = XCBuildConfiguration;
			buildSettings = {
				ASSETCATALOG_COMPILER_APPICON_NAME = AppIcon;
				INFOPLIST_FILE = "086-FavMovies/Info.plist";
				LD_RUNPATH_SEARCH_PATHS = "$(inherited) @executable_path/Frameworks";
				PRODUCT_BUNDLE_IDENTIFIER = "com.skyla157.-86-FavMovies";
				PRODUCT_NAME = "$(TARGET_NAME)";
			};
			name = Release;
		};
/* End XCBuildConfiguration section */

/* Begin XCConfigurationList section */
		A58F751C1CDADD84001EA898 /* Build configuration list for PBXProject "086-FavMovies" */ = {
			isa = XCConfigurationList;
			buildConfigurations = (
				A58F75341CDADD84001EA898 /* Debug */,
				A58F75351CDADD84001EA898 /* Release */,
			);
			defaultConfigurationIsVisible = 0;
			defaultConfigurationName = Release;
		};
		A58F75361CDADD84001EA898 /* Build configuration list for PBXNativeTarget "086-FavMovies" */ = {
			isa = XCConfigurationList;
			buildConfigurations = (
				A58F75371CDADD84001EA898 /* Debug */,
				A58F75381CDADD84001EA898 /* Release */,
			);
			defaultConfigurationIsVisible = 0;
			defaultConfigurationName = Release;
		};
/* End XCConfigurationList section */

/* Begin XCVersionGroup section */
		A58F752B1CDADD84001EA898 /* _86_FavMovies.xcdatamodeld */ = {
			isa = XCVersionGroup;
			children = (
				A58F752C1CDADD84001EA898 /* _86_FavMovies.xcdatamodel */,
			);
			currentVersion = A58F752C1CDADD84001EA898 /* _86_FavMovies.xcdatamodel */;
			path = _86_FavMovies.xcdatamodeld;
			sourceTree = "<group>";
			versionGroupType = wrapper.xcdatamodel;
		};
/* End XCVersionGroup section */
	};
	rootObject = A58F75191CDADD84001EA898 /* Project object */;
}
